
Microsoft Visual Studio Solution File, Format Version 12.00
# Visual Studio Version 16
VisualStudioVersion = 16.0.29519.87
MinimumVisualStudioVersion = 10.0.40219.1
Project("{FAE04EC0-301F-11D3-BF4B-00C04F79EFBC}") = "AdventOfCode2019", "AdventOfCode2019\AdventOfCode2019.csproj", "{DADF1393-0139-47EC-8DA1-C7DA6CE3A2EE}"
EndProject
Global
	GlobalSection(SolutionConfigurationPlatforms) = preSolution
		Debug|Any CPU = Debug|Any CPU
		Release|Any CPU = Release|Any CPU
	EndGlobalSection
	GlobalSection(ProjectConfigurationPlatforms) = postSolution
		{DADF1393-0139-47EC-8DA1-C7DA6CE3A2EE}.Debug|Any CPU.ActiveCfg = Debug|Any CPU
		{DADF1393-0139-47EC-8DA1-C7DA6CE3A2EE}.Debug|Any CPU.Build.0 = Debug|Any CPU
		{DADF1393-0139-47EC-8DA1-C7DA6CE3A2EE}.Release|Any CPU.ActiveCfg = Release|Any CPU
		{DADF1393-0139-47EC-8DA1-C7DA6CE3A2EE}.Release|Any CPU.Build.0 = Release|Any CPU
	EndGlobalSection
	GlobalSection(SolutionProperties) = preSolution
		HideSolutionNode = FALSE
	EndGlobalSection
	GlobalSection(ExtensibilityGlobals) = postSolution
		SolutionGuid = {F9D3517B-D569-487F-923B-3F52DED5C2F2}
	EndGlobalSection
EndGlobal
